
Microsoft Visual Studio Solution File, Format Version 12.00
# Visual Studio Version 17
VisualStudioVersion = 17.14.36804.6
MinimumVisualStudioVersion = 10.0.40219.1
Project("{2150E333-8FDC-42A3-9474-1A3956D46DE8}") = "src", "src", "{02EA681E-C7D8-13C7-8484-4AC65E1B71E8}"
EndProject
Project("{2150E333-8FDC-42A3-9474-1A3956D46DE8}") = "tests", "tests", "{4BE3F87C-D1B1-44DB-9D61-32A24CF7C07D}"
EndProject
Project("{FAE04EC0-301F-11D3-BF4B-00C04F79EFBC}") = "Application", "src\Application\Application.csproj", "{C986296E-02CC-4C51-A222-3DE85690ED1D}"
EndProject
Project("{FAE04EC0-301F-11D3-BF4B-00C04F79EFBC}") = "Domain", "src\Domain\Domain.csproj", "{AFEDFBE3-8FF3-4225-AF64-19A66997E7E8}"
EndProject
Project("{FAE04EC0-301F-11D3-BF4B-00C04F79EFBC}") = "Infrastructure", "src\Infrastructure\Infrastructure.csproj", "{ECEF9977-71AC-470B-AFE9-D97194A9D637}"
EndProject
Project("{FAE04EC0-301F-11D3-BF4B-00C04F79EFBC}") = "Persistence", "src\Persistence\Persistence.csproj", "{965DDE32-7217-4C29-8041-726D08DCEF2E}"
EndProject
Project("{FAE04EC0-301F-11D3-BF4B-00C04F79EFBC}") = "API", "API\API.csproj", "{928F748B-D671-4346-9264-A58E8474C56E}"
EndProject
Global
	GlobalSection(SolutionConfigurationPlatforms) = preSolution
		Debug|Any CPU = Debug|Any CPU
		Release|Any CPU = Release|Any CPU
	EndGlobalSection
	GlobalSection(ProjectConfigurationPlatforms) = postSolution
		{C986296E-02CC-4C51-A222-3DE85690ED1D}.Debug|Any CPU.ActiveCfg = Debug|Any CPU
		{C986296E-02CC-4C51-A222-3DE85690ED1D}.Debug|Any CPU.Build.0 = Debug|Any CPU
		{C986296E-02CC-4C51-A222-3DE85690ED1D}.Release|Any CPU.ActiveCfg = Release|Any CPU
		{C986296E-02CC-4C51-A222-3DE85690ED1D}.Release|Any CPU.Build.0 = Release|Any CPU
		{AFEDFBE3-8FF3-4225-AF64-19A66997E7E8}.Debug|Any CPU.ActiveCfg = Debug|Any CPU
		{AFEDFBE3-8FF3-4225-AF64-19A66997E7E8}.Debug|Any CPU.Build.0 = Debug|Any CPU
		{AFEDFBE3-8FF3-4225-AF64-19A66997E7E8}.Release|Any CPU.ActiveCfg = Release|Any CPU
		{AFEDFBE3-8FF3-4225-AF64-19A66997E7E8}.Release|Any CPU.Build.0 = Release|Any CPU
		{ECEF9977-71AC-470B-AFE9-D97194A9D637}.Debug|Any CPU.ActiveCfg = Debug|Any CPU
		{ECEF9977-71AC-470B-AFE9-D97194A9D637}.Debug|Any CPU.Build.0 = Debug|Any CPU
		{ECEF9977-71AC-470B-AFE9-D97194A9D637}.Release|Any CPU.ActiveCfg = Release|Any CPU
		{ECEF9977-71AC-470B-AFE9-D97194A9D637}.Release|Any CPU.Build.0 = Release|Any CPU
		{965DDE32-7217-4C29-8041-726D08DCEF2E}.Debug|Any CPU.ActiveCfg = Debug|Any CPU
		{965DDE32-7217-4C29-8041-726D08DCEF2E}.Debug|Any CPU.Build.0 = Debug|Any CPU
		{965DDE32-7217-4C29-8041-726D08DCEF2E}.Release|Any CPU.ActiveCfg = Release|Any CPU
		{965DDE32-7217-4C29-8041-726D08DCEF2E}.Release|Any CPU.Build.0 = Release|Any CPU
		{928F748B-D671-4346-9264-A58E8474C56E}.Debug|Any CPU.ActiveCfg = Debug|Any CPU
		{928F748B-D671-4346-9264-A58E8474C56E}.Debug|Any CPU.Build.0 = Debug|Any CPU
		{928F748B-D671-4346-9264-A58E8474C56E}.Release|Any CPU.ActiveCfg = Release|Any CPU
		{928F748B-D671-4346-9264-A58E8474C56E}.Release|Any CPU.Build.0 = Release|Any CPU
	EndGlobalSection
	GlobalSection(SolutionProperties) = preSolution
		HideSolutionNode = FALSE
	EndGlobalSection
	GlobalSection(NestedProjects) = preSolution
		{C986296E-02CC-4C51-A222-3DE85690ED1D} = {02EA681E-C7D8-13C7-8484-4AC65E1B71E8}
		{AFEDFBE3-8FF3-4225-AF64-19A66997E7E8} = {02EA681E-C7D8-13C7-8484-4AC65E1B71E8}
		{ECEF9977-71AC-470B-AFE9-D97194A9D637} = {02EA681E-C7D8-13C7-8484-4AC65E1B71E8}
		{965DDE32-7217-4C29-8041-726D08DCEF2E} = {02EA681E-C7D8-13C7-8484-4AC65E1B71E8}
		{928F748B-D671-4346-9264-A58E8474C56E} = {02EA681E-C7D8-13C7-8484-4AC65E1B71E8}
	EndGlobalSection
	GlobalSection(ExtensibilityGlobals) = postSolution
		SolutionGuid = {95754109-8CE6-46A3-8013-9F47FC83311C}
	EndGlobalSection
EndGlobal
